
Microsoft Visual Studio Solution File, Format Version 12.00
# Visual Studio Version 16
VisualStudioVersion = 16.0.29201.188
MinimumVisualStudioVersion = 10.0.40219.1
Project("{FAE04EC0-301F-11D3-BF4B-00C04F79EFBC}") = "Test2ADApp", "Test2ADApp\Test2ADApp.csproj", "{346C0F2B-1526-4F93-A80A-7FCDAAE534DB}"
EndProject
Global
	GlobalSection(SolutionConfigurationPlatforms) = preSolution
		Debug|Any CPU = Debug|Any CPU
		Release|Any CPU = Release|Any CPU
	EndGlobalSection
	GlobalSection(ProjectConfigurationPlatforms) = postSolution
		{346C0F2B-1526-4F93-A80A-7FCDAAE534DB}.Debug|Any CPU.ActiveCfg = Debug|Any CPU
		{346C0F2B-1526-4F93-A80A-7FCDAAE534DB}.Debug|Any CPU.Build.0 = Debug|Any CPU
		{346C0F2B-1526-4F93-A80A-7FCDAAE534DB}.Release|Any CPU.ActiveCfg = Release|Any CPU
		{346C0F2B-1526-4F93-A80A-7FCDAAE534DB}.Release|Any CPU.Build.0 = Release|Any CPU
	EndGlobalSection
	GlobalSection(SolutionProperties) = preSolution
		HideSolutionNode = FALSE
	EndGlobalSection
	GlobalSection(ExtensibilityGlobals) = postSolution
		SolutionGuid = {49F96D79-B7FA-441E-B7BF-3DA3B2D7DD7A}
	EndGlobalSection
EndGlobal
